<?xml version="1.0" encoding="utf-8"?>
<Project ToolsVersion="4.0" xmlns="http://schemas.microsoft.com/developer/msbuild/2003">
  <ItemGroup>
    <Filter Include="Source Files">
      <UniqueIdentifier>{4FC737F1-C7A5-4376-A066-2A32D752A2FF}</UniqueIdentifier>
      <Extensions>cpp;c;cc;cxx;def;odl;idl;hpj;bat;asm;asmx</Extensions>
    </Filter>
    <Filter Include="Header Files">
      <UniqueIdentifier>{93995380-89BD-4b04-88EB-625FBE52EBFB}</UniqueIdentifier>
      <Extensions>h;hh;hpp;hxx;hm;inl;inc;xsd</Extensions>
    </Filter>
    <Filter Include="Resource Files">
      <UniqueIdentifier>{67DA6AB6-F800-4c08-8B7A-83BB121AAD01}</UniqueIdentifier>
      <Extensions>rc;ico;cur;bmp;dlg;rc2;rct;bin;rgs;gif;jpg;jpeg;jpe;resx;tiff;tif;png;wav;mfcribbon-ms</Extensions>
    </Filter>
  </ItemGroup>
  <ItemGroup>
    <ClCompile Include="D:\Antor\acceptanceCriterion.cpp">
      <Filter>Source Files</Filter>
    </ClCompile>
    <ClCompile Include="D:\Antor\localSearch.cpp">
      <Filter>Source Files</Filter>
    </ClCompile>
    <ClCompile Include="D:\Antor\main.cpp">
      <Filter>Source Files</Filter>
    </ClCompile>
    <ClCompile Include="D:\Antor\metropolisAcceptanceCriterion.cpp">
      <Filter>Source Files</Filter>
    </ClCompile>
    <ClCompile Include="D:\Antor\searchAlgorithm.cpp">
      <Filter>Source Files</Filter>
    </ClCompile>
    <ClCompile Include="D:\Antor\searchOperator.cpp">
      <Filter>Source Files</Filter>
    </ClCompile>
    <ClCompile Include="D:\Antor\tour.cpp">
      <Filter>Source Files</Filter>
    </ClCompile>
    <ClCompile Include="D:\Antor\tourCreator.cpp">
      <Filter>Source Files</Filter>
    </ClCompile>
    <ClCompile Include="D:\Antor\tourEvaluator.cpp">
      <Filter>Source Files</Filter>
    </ClCompile>
    <ClCompile Include="D:\Antor\twoOptSwapFirstImprove.cpp">
      <Filter>Source Files</Filter>
    </ClCompile>
    <ClCompile Include="D:\Antor\twoOptSwapRand.cpp">
      <Filter>Source Files</Filter>
    </ClCompile>
    <ClCompile Include="problem.cpp">
      <Filter>Source Files</Filter>
    </ClCompile>
  </ItemGroup>
  <ItemGroup>
    <ClInclude Include="D:\Antor\acceptanceCriterion.h">
      <Filter>Header Files</Filter>
    </ClInclude>
    <ClInclude Include="D:\Antor\localSearch.h">
      <Filter>Header Files</Filter>
    </ClInclude>
    <ClInclude Include="D:\Antor\metropolisAcceptanceCriterion.h">
      <Filter>Header Files</Filter>
    </ClInclude>
    <ClInclude Include="D:\Antor\searchAlgorithm.h">
      <Filter>Header Files</Filter>
    </ClInclude>
    <ClInclude Include="D:\Antor\searchOperator.h">
      <Filter>Header Files</Filter>
    </ClInclude>
    <ClInclude Include="D:\Antor\tour.h">
      <Filter>Header Files</Filter>
    </ClInclude>
    <ClInclude Include="D:\Antor\tourEvaluator.h">
      <Filter>Header Files</Filter>
    </ClInclude>
    <ClInclude Include="D:\Antor\twoOptSwapFirstImprove.h">
      <Filter>Header Files</Filter>
    </ClInclude>
    <ClInclude Include="D:\Antor\twoOptSwapRand.h">
      <Filter>Header Files</Filter>
    </ClInclude>
    <ClInclude Include="problem.h">
      <Filter>Header Files</Filter>
    </ClInclude>
  </ItemGroup>
  <ItemGroup>
    <Text Include="D:\Antor\city.txt" />
    <Text Include="D:\Antor\city1000.txt" />
  </ItemGroup>
  <ItemGroup>
    <None Include="D:\Antor\Makefile" />
  </ItemGroup>
</Project>